
Microsoft Visual Studio Solution File, Format Version 11.00
# Visual Studio 2010
Project("{FAE04EC0-301F-11D3-BF4B-00C04F79EFBC}") = "BUTEClassAdministrationModel", "BUTEClassAdministrationModel\BUTEClassAdministrationModel.csproj", "{ABCCD89B-423C-44EF-8722-7B9150761B52}"
EndProject
Project("{FAE04EC0-301F-11D3-BF4B-00C04F79EFBC}") = "BUTEClassAdministrationTypes", "BUTEClassAdministrationTypes\BUTEClassAdministrationTypes.csproj", "{B87ED1B3-D93D-4EF9-A8F4-B3EBADC185E9}"
EndProject
Project("{FAE04EC0-301F-11D3-BF4B-00C04F79EFBC}") = "BUTEClassAdministrationClient", "BUTEClassAdministrationClient\BUTEClassAdministrationClient.csproj", "{54EE4459-7788-4085-927E-C3794C91145D}"
	ProjectSection(ProjectDependencies) = postProject
		{020B9396-0174-4474-AF19-DA2D4E6BE196} = {020B9396-0174-4474-AF19-DA2D4E6BE196}
	EndProjectSection
EndProject
Project("{FAE04EC0-301F-11D3-BF4B-00C04F79EFBC}") = "BUTEClassAdministrationService", "BUTEClassAdministrationService\BUTEClassAdministrationService.csproj", "{020B9396-0174-4474-AF19-DA2D4E6BE196}"
EndProject
Global
	GlobalSection(SolutionConfigurationPlatforms) = preSolution
		Debug|Any CPU = Debug|Any CPU
		Debug|Mixed Platforms = Debug|Mixed Platforms
		Debug|x86 = Debug|x86
		Release|Any CPU = Release|Any CPU
		Release|Mixed Platforms = Release|Mixed Platforms
		Release|x86 = Release|x86
	EndGlobalSection
	GlobalSection(ProjectConfigurationPlatforms) = postSolution
		{ABCCD89B-423C-44EF-8722-7B9150761B52}.Debug|Any CPU.ActiveCfg = Debug|Any CPU
		{ABCCD89B-423C-44EF-8722-7B9150761B52}.Debug|Any CPU.Build.0 = Debug|Any CPU
		{ABCCD89B-423C-44EF-8722-7B9150761B52}.Debug|Mixed Platforms.ActiveCfg = Debug|Any CPU
		{ABCCD89B-423C-44EF-8722-7B9150761B52}.Debug|Mixed Platforms.Build.0 = Debug|Any CPU
		{ABCCD89B-423C-44EF-8722-7B9150761B52}.Debug|x86.ActiveCfg = Debug|Any CPU
		{ABCCD89B-423C-44EF-8722-7B9150761B52}.Release|Any CPU.ActiveCfg = Release|Any CPU
		{ABCCD89B-423C-44EF-8722-7B9150761B52}.Release|Any CPU.Build.0 = Release|Any CPU
		{ABCCD89B-423C-44EF-8722-7B9150761B52}.Release|Mixed Platforms.ActiveCfg = Release|Any CPU
		{ABCCD89B-423C-44EF-8722-7B9150761B52}.Release|Mixed Platforms.Build.0 = Release|Any CPU
		{ABCCD89B-423C-44EF-8722-7B9150761B52}.Release|x86.ActiveCfg = Release|Any CPU
		{B87ED1B3-D93D-4EF9-A8F4-B3EBADC185E9}.Debug|Any CPU.ActiveCfg = Debug|Any CPU
		{B87ED1B3-D93D-4EF9-A8F4-B3EBADC185E9}.Debug|Any CPU.Build.0 = Debug|Any CPU
		{B87ED1B3-D93D-4EF9-A8F4-B3EBADC185E9}.Debug|Mixed Platforms.ActiveCfg = Debug|Any CPU
		{B87ED1B3-D93D-4EF9-A8F4-B3EBADC185E9}.Debug|Mixed Platforms.Build.0 = Debug|Any CPU
		{B87ED1B3-D93D-4EF9-A8F4-B3EBADC185E9}.Debug|x86.ActiveCfg = Debug|Any CPU
		{B87ED1B3-D93D-4EF9-A8F4-B3EBADC185E9}.Release|Any CPU.ActiveCfg = Release|Any CPU
		{B87ED1B3-D93D-4EF9-A8F4-B3EBADC185E9}.Release|Any CPU.Build.0 = Release|Any CPU
		{B87ED1B3-D93D-4EF9-A8F4-B3EBADC185E9}.Release|Mixed Platforms.ActiveCfg = Release|Any CPU
		{B87ED1B3-D93D-4EF9-A8F4-B3EBADC185E9}.Release|Mixed Platforms.Build.0 = Release|Any CPU
		{B87ED1B3-D93D-4EF9-A8F4-B3EBADC185E9}.Release|x86.ActiveCfg = Release|Any CPU
		{54EE4459-7788-4085-927E-C3794C91145D}.Debug|Any CPU.ActiveCfg = Debug|x86
		{54EE4459-7788-4085-927E-C3794C91145D}.Debug|Mixed Platforms.ActiveCfg = Debug|x86
		{54EE4459-7788-4085-927E-C3794C91145D}.Debug|Mixed Platforms.Build.0 = Debug|x86
		{54EE4459-7788-4085-927E-C3794C91145D}.Debug|x86.ActiveCfg = Debug|x86
		{54EE4459-7788-4085-927E-C3794C91145D}.Debug|x86.Build.0 = Debug|x86
		{54EE4459-7788-4085-927E-C3794C91145D}.Release|Any CPU.ActiveCfg = Release|x86
		{54EE4459-7788-4085-927E-C3794C91145D}.Release|Mixed Platforms.ActiveCfg = Release|x86
		{54EE4459-7788-4085-927E-C3794C91145D}.Release|Mixed Platforms.Build.0 = Release|x86
		{54EE4459-7788-4085-927E-C3794C91145D}.Release|x86.ActiveCfg = Release|x86
		{54EE4459-7788-4085-927E-C3794C91145D}.Release|x86.Build.0 = Release|x86
		{020B9396-0174-4474-AF19-DA2D4E6BE196}.Debug|Any CPU.ActiveCfg = Debug|Any CPU
		{020B9396-0174-4474-AF19-DA2D4E6BE196}.Debug|Any CPU.Build.0 = Debug|Any CPU
		{020B9396-0174-4474-AF19-DA2D4E6BE196}.Debug|Mixed Platforms.ActiveCfg = Debug|Any CPU
		{020B9396-0174-4474-AF19-DA2D4E6BE196}.Debug|Mixed Platforms.Build.0 = Debug|Any CPU
		{020B9396-0174-4474-AF19-DA2D4E6BE196}.Debug|x86.ActiveCfg = Debug|Any CPU
		{020B9396-0174-4474-AF19-DA2D4E6BE196}.Release|Any CPU.ActiveCfg = Release|Any CPU
		{020B9396-0174-4474-AF19-DA2D4E6BE196}.Release|Any CPU.Build.0 = Release|Any CPU
		{020B9396-0174-4474-AF19-DA2D4E6BE196}.Release|Mixed Platforms.ActiveCfg = Release|Any CPU
		{020B9396-0174-4474-AF19-DA2D4E6BE196}.Release|Mixed Platforms.Build.0 = Release|Any CPU
		{020B9396-0174-4474-AF19-DA2D4E6BE196}.Release|x86.ActiveCfg = Release|Any CPU
	EndGlobalSection
	GlobalSection(SolutionProperties) = preSolution
		HideSolutionNode = FALSE
	EndGlobalSection
EndGlobal
