
Microsoft Visual Studio Solution File, Format Version 11.00
# Visual Studio 2010
Project("{FAE04EC0-301F-11D3-BF4B-00C04F79EFBC}") = "STESchoolModel", "STESchoolModel\STESchoolModel.csproj", "{7D22F086-16B4-4F18-976E-BF29630B9157}"
EndProject
Project("{FAE04EC0-301F-11D3-BF4B-00C04F79EFBC}") = "STESchoolModelTypes", "STESchoolModelTypes\STESchoolModelTypes.csproj", "{09BBD2C8-C9B4-480D-B989-1B4F61FE1A62}"
EndProject
Project("{FAE04EC0-301F-11D3-BF4B-00C04F79EFBC}") = "STESchoolModelService", "STESchoolModelService\STESchoolModelService.csproj", "{88299CCF-F37B-45CA-9321-1DC19CCF0388}"
EndProject
Project("{FAE04EC0-301F-11D3-BF4B-00C04F79EFBC}") = "STESchoolModelConsoleTest", "STESchoolModelConsoleTest\STESchoolModelConsoleTest.csproj", "{5DE55AB4-AC45-47BA-B4B8-8AC7F06F1250}"
	ProjectSection(ProjectDependencies) = postProject
		{88299CCF-F37B-45CA-9321-1DC19CCF0388} = {88299CCF-F37B-45CA-9321-1DC19CCF0388}
	EndProjectSection
EndProject
Project("{FAE04EC0-301F-11D3-BF4B-00C04F79EFBC}") = "STESchoolModelWPFTest", "STESchoolModelWPFTest\STESchoolModelWPFTest.csproj", "{45F0C792-2CF5-4ADC-86E3-4F21B3DBDCD1}"
	ProjectSection(ProjectDependencies) = postProject
		{88299CCF-F37B-45CA-9321-1DC19CCF0388} = {88299CCF-F37B-45CA-9321-1DC19CCF0388}
	EndProjectSection
EndProject
Project("{2150E333-8FDC-42A3-9474-1A3956D46DE8}") = "Solution Items", "Solution Items", "{3BDE382F-B637-4240-A14D-D9EDE1E16249}"
	ProjectSection(SolutionItems) = preProject
		readme.htm = readme.htm
	EndProjectSection
EndProject
Project("{2150E333-8FDC-42A3-9474-1A3956D46DE8}") = "Scripts", "Scripts", "{F9C0984F-FEC5-4357-AF1F-FEE5EFD5E564}"
	ProjectSection(SolutionItems) = preProject
		Scripts\CreateSchool.sql = Scripts\CreateSchool.sql
	EndProjectSection
EndProject
Global
	GlobalSection(SolutionConfigurationPlatforms) = preSolution
		Debug|Any CPU = Debug|Any CPU
		Debug|Mixed Platforms = Debug|Mixed Platforms
		Debug|x86 = Debug|x86
		Release|Any CPU = Release|Any CPU
		Release|Mixed Platforms = Release|Mixed Platforms
		Release|x86 = Release|x86
	EndGlobalSection
	GlobalSection(ProjectConfigurationPlatforms) = postSolution
		{7D22F086-16B4-4F18-976E-BF29630B9157}.Debug|Any CPU.ActiveCfg = Debug|Any CPU
		{7D22F086-16B4-4F18-976E-BF29630B9157}.Debug|Any CPU.Build.0 = Debug|Any CPU
		{7D22F086-16B4-4F18-976E-BF29630B9157}.Debug|Mixed Platforms.ActiveCfg = Debug|Any CPU
		{7D22F086-16B4-4F18-976E-BF29630B9157}.Debug|Mixed Platforms.Build.0 = Debug|Any CPU
		{7D22F086-16B4-4F18-976E-BF29630B9157}.Debug|x86.ActiveCfg = Debug|Any CPU
		{7D22F086-16B4-4F18-976E-BF29630B9157}.Release|Any CPU.ActiveCfg = Release|Any CPU
		{7D22F086-16B4-4F18-976E-BF29630B9157}.Release|Any CPU.Build.0 = Release|Any CPU
		{7D22F086-16B4-4F18-976E-BF29630B9157}.Release|Mixed Platforms.ActiveCfg = Release|Any CPU
		{7D22F086-16B4-4F18-976E-BF29630B9157}.Release|Mixed Platforms.Build.0 = Release|Any CPU
		{7D22F086-16B4-4F18-976E-BF29630B9157}.Release|x86.ActiveCfg = Release|Any CPU
		{09BBD2C8-C9B4-480D-B989-1B4F61FE1A62}.Debug|Any CPU.ActiveCfg = Debug|Any CPU
		{09BBD2C8-C9B4-480D-B989-1B4F61FE1A62}.Debug|Any CPU.Build.0 = Debug|Any CPU
		{09BBD2C8-C9B4-480D-B989-1B4F61FE1A62}.Debug|Mixed Platforms.ActiveCfg = Debug|Any CPU
		{09BBD2C8-C9B4-480D-B989-1B4F61FE1A62}.Debug|Mixed Platforms.Build.0 = Debug|Any CPU
		{09BBD2C8-C9B4-480D-B989-1B4F61FE1A62}.Debug|x86.ActiveCfg = Debug|Any CPU
		{09BBD2C8-C9B4-480D-B989-1B4F61FE1A62}.Release|Any CPU.ActiveCfg = Release|Any CPU
		{09BBD2C8-C9B4-480D-B989-1B4F61FE1A62}.Release|Any CPU.Build.0 = Release|Any CPU
		{09BBD2C8-C9B4-480D-B989-1B4F61FE1A62}.Release|Mixed Platforms.ActiveCfg = Release|Any CPU
		{09BBD2C8-C9B4-480D-B989-1B4F61FE1A62}.Release|Mixed Platforms.Build.0 = Release|Any CPU
		{09BBD2C8-C9B4-480D-B989-1B4F61FE1A62}.Release|x86.ActiveCfg = Release|Any CPU
		{88299CCF-F37B-45CA-9321-1DC19CCF0388}.Debug|Any CPU.ActiveCfg = Debug|Any CPU
		{88299CCF-F37B-45CA-9321-1DC19CCF0388}.Debug|Any CPU.Build.0 = Debug|Any CPU
		{88299CCF-F37B-45CA-9321-1DC19CCF0388}.Debug|Mixed Platforms.ActiveCfg = Debug|Any CPU
		{88299CCF-F37B-45CA-9321-1DC19CCF0388}.Debug|Mixed Platforms.Build.0 = Debug|Any CPU
		{88299CCF-F37B-45CA-9321-1DC19CCF0388}.Debug|x86.ActiveCfg = Debug|Any CPU
		{88299CCF-F37B-45CA-9321-1DC19CCF0388}.Release|Any CPU.ActiveCfg = Release|Any CPU
		{88299CCF-F37B-45CA-9321-1DC19CCF0388}.Release|Any CPU.Build.0 = Release|Any CPU
		{88299CCF-F37B-45CA-9321-1DC19CCF0388}.Release|Mixed Platforms.ActiveCfg = Release|Any CPU
		{88299CCF-F37B-45CA-9321-1DC19CCF0388}.Release|Mixed Platforms.Build.0 = Release|Any CPU
		{88299CCF-F37B-45CA-9321-1DC19CCF0388}.Release|x86.ActiveCfg = Release|Any CPU
		{5DE55AB4-AC45-47BA-B4B8-8AC7F06F1250}.Debug|Any CPU.ActiveCfg = Debug|x86
		{5DE55AB4-AC45-47BA-B4B8-8AC7F06F1250}.Debug|Mixed Platforms.ActiveCfg = Debug|x86
		{5DE55AB4-AC45-47BA-B4B8-8AC7F06F1250}.Debug|Mixed Platforms.Build.0 = Debug|x86
		{5DE55AB4-AC45-47BA-B4B8-8AC7F06F1250}.Debug|x86.ActiveCfg = Debug|x86
		{5DE55AB4-AC45-47BA-B4B8-8AC7F06F1250}.Debug|x86.Build.0 = Debug|x86
		{5DE55AB4-AC45-47BA-B4B8-8AC7F06F1250}.Release|Any CPU.ActiveCfg = Release|x86
		{5DE55AB4-AC45-47BA-B4B8-8AC7F06F1250}.Release|Mixed Platforms.ActiveCfg = Release|x86
		{5DE55AB4-AC45-47BA-B4B8-8AC7F06F1250}.Release|Mixed Platforms.Build.0 = Release|x86
		{5DE55AB4-AC45-47BA-B4B8-8AC7F06F1250}.Release|x86.ActiveCfg = Release|x86
		{5DE55AB4-AC45-47BA-B4B8-8AC7F06F1250}.Release|x86.Build.0 = Release|x86
		{45F0C792-2CF5-4ADC-86E3-4F21B3DBDCD1}.Debug|Any CPU.ActiveCfg = Debug|x86
		{45F0C792-2CF5-4ADC-86E3-4F21B3DBDCD1}.Debug|Mixed Platforms.ActiveCfg = Debug|x86
		{45F0C792-2CF5-4ADC-86E3-4F21B3DBDCD1}.Debug|Mixed Platforms.Build.0 = Debug|x86
		{45F0C792-2CF5-4ADC-86E3-4F21B3DBDCD1}.Debug|x86.ActiveCfg = Debug|x86
		{45F0C792-2CF5-4ADC-86E3-4F21B3DBDCD1}.Debug|x86.Build.0 = Debug|x86
		{45F0C792-2CF5-4ADC-86E3-4F21B3DBDCD1}.Release|Any CPU.ActiveCfg = Release|x86
		{45F0C792-2CF5-4ADC-86E3-4F21B3DBDCD1}.Release|Mixed Platforms.ActiveCfg = Release|x86
		{45F0C792-2CF5-4ADC-86E3-4F21B3DBDCD1}.Release|Mixed Platforms.Build.0 = Release|x86
		{45F0C792-2CF5-4ADC-86E3-4F21B3DBDCD1}.Release|x86.ActiveCfg = Release|x86
		{45F0C792-2CF5-4ADC-86E3-4F21B3DBDCD1}.Release|x86.Build.0 = Release|x86
	EndGlobalSection
	GlobalSection(SolutionProperties) = preSolution
		HideSolutionNode = FALSE
	EndGlobalSection
EndGlobal
